
Microsoft Visual Studio Solution File, Format Version 12.00
# Visual Studio 15
VisualStudioVersion = 15.0.25428.1
MinimumVisualStudioVersion = 10.0.40219.1
Project("{2150E333-8FDC-42A3-9474-1A3956D46DE8}") = "Targets", "Targets", "{60C60A19-C14C-4DB2-88E3-732EE97E29DE}"
	ProjectSection(SolutionItems) = preProject
		NuGet.Packages.Targets\NuGet.Packaging.props = NuGet.Packages.Targets\NuGet.Packaging.props
		NuGet.Packages.Targets\NuGet.Packaging.targets = NuGet.Packages.Targets\NuGet.Packaging.targets
	EndProjectSection
EndProject
Project("{FAE04EC0-301F-11D3-BF4B-00C04F79EFBC}") = "NuGet.Packaging.VisualStudio", "NuGet.Packaging.VisualStudio\NuGet.Packaging.VisualStudio.csproj", "{9617EDCD-23BB-41EA-827D-F5729D45B0AF}"
EndProject
Project("{FAE04EC0-301F-11D3-BF4B-00C04F79EFBC}") = "NuGet.Packaging.VisualStudio.UnitTests", "NuGet.Packaging.VisualStudio.UnitTests\NuGet.Packaging.VisualStudio.UnitTests.csproj", "{AED0CC61-5461-4AF7-921E-8C292B44D0F5}"
EndProject
Project("{2150E333-8FDC-42A3-9474-1A3956D46DE8}") = "Solution Items", "Solution Items", "{02F9DAAA-4CD1-496B-9954-F08B9DD25622}"
	ProjectSection(SolutionItems) = preProject
		key.snk = key.snk
	EndProjectSection
EndProject
Project("{2150E333-8FDC-42A3-9474-1A3956D46DE8}") = "External", "External", "{04F19AA5-4C91-47D5-A057-2D31296A5601}"
EndProject
Project("{FAE04EC0-301F-11D3-BF4B-00C04F79EFBC}") = "Clide", "..\external\clide\src\Clide\Clide.csproj", "{E8FABF5D-2FC8-43F6-B866-E3349AFB7538}"
EndProject
Project("{FAE04EC0-301F-11D3-BF4B-00C04F79EFBC}") = "Clide.Extensibility", "..\external\clide\src\Clide.Extensibility\Clide.Extensibility.csproj", "{09AC21F4-4E72-4942-AFAC-20B9EF325A50}"
EndProject
Project("{FAE04EC0-301F-11D3-BF4B-00C04F79EFBC}") = "Clide.Interfaces", "..\external\clide\src\Clide.Interfaces\Clide.Interfaces.csproj", "{099BEBD8-6B04-416D-BA44-E0201951542B}"
EndProject
Project("{FAE04EC0-301F-11D3-BF4B-00C04F79EFBC}") = "Clide.UnitTests", "..\external\clide\src\Clide.UnitTests\Clide.UnitTests.csproj", "{196C432A-F34C-44E4-AAA1-E0A43DB8949C}"
EndProject
Project("{FAE04EC0-301F-11D3-BF4B-00C04F79EFBC}") = "Clide.IntegrationTests", "..\external\clide\src\Clide.IntegrationTests\Clide.IntegrationTests.csproj", "{D9C83C1F-7249-4B67-8ADE-0A1AA21F738B}"
EndProject
Project("{FAE04EC0-301F-11D3-BF4B-00C04F79EFBC}") = "Clide.Vsix", "..\external\clide\src\Clide.Vsix\Clide.Vsix.csproj", "{C9A505CA-F826-473A-8290-B36AF6BE56FB}"
EndProject
Global
	GlobalSection(SolutionConfigurationPlatforms) = preSolution
		Debug|Any CPU = Debug|Any CPU
		Release|Any CPU = Release|Any CPU
	EndGlobalSection
	GlobalSection(ProjectConfigurationPlatforms) = postSolution
		{9617EDCD-23BB-41EA-827D-F5729D45B0AF}.Debug|Any CPU.ActiveCfg = Debug|Any CPU
		{9617EDCD-23BB-41EA-827D-F5729D45B0AF}.Debug|Any CPU.Build.0 = Debug|Any CPU
		{9617EDCD-23BB-41EA-827D-F5729D45B0AF}.Release|Any CPU.ActiveCfg = Release|Any CPU
		{9617EDCD-23BB-41EA-827D-F5729D45B0AF}.Release|Any CPU.Build.0 = Release|Any CPU
		{AED0CC61-5461-4AF7-921E-8C292B44D0F5}.Debug|Any CPU.ActiveCfg = Debug|Any CPU
		{AED0CC61-5461-4AF7-921E-8C292B44D0F5}.Debug|Any CPU.Build.0 = Debug|Any CPU
		{AED0CC61-5461-4AF7-921E-8C292B44D0F5}.Release|Any CPU.ActiveCfg = Release|Any CPU
		{AED0CC61-5461-4AF7-921E-8C292B44D0F5}.Release|Any CPU.Build.0 = Release|Any CPU
		{E8FABF5D-2FC8-43F6-B866-E3349AFB7538}.Debug|Any CPU.ActiveCfg = Debug|Any CPU
		{E8FABF5D-2FC8-43F6-B866-E3349AFB7538}.Debug|Any CPU.Build.0 = Debug|Any CPU
		{E8FABF5D-2FC8-43F6-B866-E3349AFB7538}.Release|Any CPU.ActiveCfg = Release|Any CPU
		{E8FABF5D-2FC8-43F6-B866-E3349AFB7538}.Release|Any CPU.Build.0 = Release|Any CPU
		{09AC21F4-4E72-4942-AFAC-20B9EF325A50}.Debug|Any CPU.ActiveCfg = Debug|Any CPU
		{09AC21F4-4E72-4942-AFAC-20B9EF325A50}.Debug|Any CPU.Build.0 = Debug|Any CPU
		{09AC21F4-4E72-4942-AFAC-20B9EF325A50}.Release|Any CPU.ActiveCfg = Release|Any CPU
		{09AC21F4-4E72-4942-AFAC-20B9EF325A50}.Release|Any CPU.Build.0 = Release|Any CPU
		{099BEBD8-6B04-416D-BA44-E0201951542B}.Debug|Any CPU.ActiveCfg = Debug|Any CPU
		{099BEBD8-6B04-416D-BA44-E0201951542B}.Debug|Any CPU.Build.0 = Debug|Any CPU
		{099BEBD8-6B04-416D-BA44-E0201951542B}.Release|Any CPU.ActiveCfg = Release|Any CPU
		{099BEBD8-6B04-416D-BA44-E0201951542B}.Release|Any CPU.Build.0 = Release|Any CPU
		{196C432A-F34C-44E4-AAA1-E0A43DB8949C}.Debug|Any CPU.ActiveCfg = Debug|Any CPU
		{196C432A-F34C-44E4-AAA1-E0A43DB8949C}.Debug|Any CPU.Build.0 = Debug|Any CPU
		{196C432A-F34C-44E4-AAA1-E0A43DB8949C}.Release|Any CPU.ActiveCfg = Release|Any CPU
		{196C432A-F34C-44E4-AAA1-E0A43DB8949C}.Release|Any CPU.Build.0 = Release|Any CPU
		{D9C83C1F-7249-4B67-8ADE-0A1AA21F738B}.Debug|Any CPU.ActiveCfg = Debug|Any CPU
		{D9C83C1F-7249-4B67-8ADE-0A1AA21F738B}.Debug|Any CPU.Build.0 = Debug|Any CPU
		{D9C83C1F-7249-4B67-8ADE-0A1AA21F738B}.Release|Any CPU.ActiveCfg = Release|Any CPU
		{D9C83C1F-7249-4B67-8ADE-0A1AA21F738B}.Release|Any CPU.Build.0 = Release|Any CPU
		{C9A505CA-F826-473A-8290-B36AF6BE56FB}.Debug|Any CPU.ActiveCfg = Debug|Any CPU
		{C9A505CA-F826-473A-8290-B36AF6BE56FB}.Debug|Any CPU.Build.0 = Debug|Any CPU
		{C9A505CA-F826-473A-8290-B36AF6BE56FB}.Release|Any CPU.ActiveCfg = Release|Any CPU
		{C9A505CA-F826-473A-8290-B36AF6BE56FB}.Release|Any CPU.Build.0 = Release|Any CPU
	EndGlobalSection
	GlobalSection(SolutionProperties) = preSolution
		HideSolutionNode = FALSE
	EndGlobalSection
	GlobalSection(NestedProjects) = preSolution
		{E8FABF5D-2FC8-43F6-B866-E3349AFB7538} = {04F19AA5-4C91-47D5-A057-2D31296A5601}
		{09AC21F4-4E72-4942-AFAC-20B9EF325A50} = {04F19AA5-4C91-47D5-A057-2D31296A5601}
		{099BEBD8-6B04-416D-BA44-E0201951542B} = {04F19AA5-4C91-47D5-A057-2D31296A5601}
		{196C432A-F34C-44E4-AAA1-E0A43DB8949C} = {04F19AA5-4C91-47D5-A057-2D31296A5601}
		{D9C83C1F-7249-4B67-8ADE-0A1AA21F738B} = {04F19AA5-4C91-47D5-A057-2D31296A5601}
		{C9A505CA-F826-473A-8290-B36AF6BE56FB} = {04F19AA5-4C91-47D5-A057-2D31296A5601}
	EndGlobalSection
EndGlobal
